
Microsoft Visual Studio Solution File, Format Version 12.00
# Visual Studio Version 17
VisualStudioVersion = 17.2.32602.215
MinimumVisualStudioVersion = 10.0.40219.1
Project("{FAE04EC0-301F-11D3-BF4B-00C04F79EFBC}") = "ToDo", "ToDo\ToDo.csproj", "{13FEFB2F-BA6C-4445-9F3E-641205455FC4}"
EndProject
Global
	GlobalSection(SolutionConfigurationPlatforms) = preSolution
		Debug|Any CPU = Debug|Any CPU
		Release|Any CPU = Release|Any CPU
	EndGlobalSection
	GlobalSection(ProjectConfigurationPlatforms) = postSolution
		{13FEFB2F-BA6C-4445-9F3E-641205455FC4}.Debug|Any CPU.ActiveCfg = Debug|Any CPU
		{13FEFB2F-BA6C-4445-9F3E-641205455FC4}.Debug|Any CPU.Build.0 = Debug|Any CPU
		{13FEFB2F-BA6C-4445-9F3E-641205455FC4}.Release|Any CPU.ActiveCfg = Release|Any CPU
		{13FEFB2F-BA6C-4445-9F3E-641205455FC4}.Release|Any CPU.Build.0 = Release|Any CPU
	EndGlobalSection
	GlobalSection(SolutionProperties) = preSolution
		HideSolutionNode = FALSE
	EndGlobalSection
	GlobalSection(ExtensibilityGlobals) = postSolution
		SolutionGuid = {A8E11630-B32E-4798-9E49-AF6F3B026662}
	EndGlobalSection
EndGlobal
